
Microsoft Visual Studio Solution File, Format Version 12.00
# Visual Studio 15
VisualStudioVersion = 15.0.27703.2035
MinimumVisualStudioVersion = 10.0.40219.1
Project("{FAE04EC0-301F-11D3-BF4B-00C04F79EFBC}") = "WebApplication2", "WebApplication2\WebApplication2.csproj", "{5B5D3176-470F-4A3B-AE9F-37913169B501}"
EndProject
Global
	GlobalSection(SolutionConfigurationPlatforms) = preSolution
		Debug|Any CPU = Debug|Any CPU
		Release|Any CPU = Release|Any CPU
	EndGlobalSection
	GlobalSection(ProjectConfigurationPlatforms) = postSolution
		{5B5D3176-470F-4A3B-AE9F-37913169B501}.Debug|Any CPU.ActiveCfg = Debug|Any CPU
		{5B5D3176-470F-4A3B-AE9F-37913169B501}.Debug|Any CPU.Build.0 = Debug|Any CPU
		{5B5D3176-470F-4A3B-AE9F-37913169B501}.Release|Any CPU.ActiveCfg = Release|Any CPU
		{5B5D3176-470F-4A3B-AE9F-37913169B501}.Release|Any CPU.Build.0 = Release|Any CPU
	EndGlobalSection
	GlobalSection(SolutionProperties) = preSolution
		HideSolutionNode = FALSE
	EndGlobalSection
	GlobalSection(ExtensibilityGlobals) = postSolution
		SolutionGuid = {855F469F-00AA-4158-8423-2DF2B3C89050}
	EndGlobalSection
EndGlobal
