
Microsoft Visual Studio Solution File, Format Version 12.00
# Visual Studio 15
VisualStudioVersion = 15.0.27703.2035
MinimumVisualStudioVersion = 10.0.40219.1
Project("{FAE04EC0-301F-11D3-BF4B-00C04F79EFBC}") = "Abstract Class", "Abstract Class\Abstract Class.csproj", "{DF8B87A2-C0E3-4DB9-9FBB-F52A4C7128E1}"
EndProject
Global
	GlobalSection(SolutionConfigurationPlatforms) = preSolution
		Debug|Any CPU = Debug|Any CPU
		Release|Any CPU = Release|Any CPU
	EndGlobalSection
	GlobalSection(ProjectConfigurationPlatforms) = postSolution
		{DF8B87A2-C0E3-4DB9-9FBB-F52A4C7128E1}.Debug|Any CPU.ActiveCfg = Debug|Any CPU
		{DF8B87A2-C0E3-4DB9-9FBB-F52A4C7128E1}.Debug|Any CPU.Build.0 = Debug|Any CPU
		{DF8B87A2-C0E3-4DB9-9FBB-F52A4C7128E1}.Release|Any CPU.ActiveCfg = Release|Any CPU
		{DF8B87A2-C0E3-4DB9-9FBB-F52A4C7128E1}.Release|Any CPU.Build.0 = Release|Any CPU
	EndGlobalSection
	GlobalSection(SolutionProperties) = preSolution
		HideSolutionNode = FALSE
	EndGlobalSection
	GlobalSection(ExtensibilityGlobals) = postSolution
		SolutionGuid = {0B405951-C5E3-45EF-A3A8-756E4EB1A445}
	EndGlobalSection
EndGlobal
