
Microsoft Visual Studio Solution File, Format Version 12.00
# Visual Studio 15
VisualStudioVersion = 15.0.27703.2035
MinimumVisualStudioVersion = 10.0.40219.1
Project("{FAE04EC0-301F-11D3-BF4B-00C04F79EFBC}") = "Class Method", "Class Method\Class Method.csproj", "{B04F14A8-C95A-4381-B6A1-694BEB338B76}"
EndProject
Global
	GlobalSection(SolutionConfigurationPlatforms) = preSolution
		Debug|Any CPU = Debug|Any CPU
		Release|Any CPU = Release|Any CPU
	EndGlobalSection
	GlobalSection(ProjectConfigurationPlatforms) = postSolution
		{B04F14A8-C95A-4381-B6A1-694BEB338B76}.Debug|Any CPU.ActiveCfg = Debug|Any CPU
		{B04F14A8-C95A-4381-B6A1-694BEB338B76}.Debug|Any CPU.Build.0 = Debug|Any CPU
		{B04F14A8-C95A-4381-B6A1-694BEB338B76}.Release|Any CPU.ActiveCfg = Release|Any CPU
		{B04F14A8-C95A-4381-B6A1-694BEB338B76}.Release|Any CPU.Build.0 = Release|Any CPU
	EndGlobalSection
	GlobalSection(SolutionProperties) = preSolution
		HideSolutionNode = FALSE
	EndGlobalSection
	GlobalSection(ExtensibilityGlobals) = postSolution
		SolutionGuid = {F578181B-7185-4B02-B3B5-F9DE763A9103}
	EndGlobalSection
EndGlobal
