
Microsoft Visual Studio Solution File, Format Version 12.00
# Visual Studio 15
VisualStudioVersion = 15.0.27703.2035
MinimumVisualStudioVersion = 10.0.40219.1
Project("{FAE04EC0-301F-11D3-BF4B-00C04F79EFBC}") = "CatchException", "CatchException\CatchException.csproj", "{D8916188-EE87-423B-A6B5-25E8040358BE}"
EndProject
Global
	GlobalSection(SolutionConfigurationPlatforms) = preSolution
		Debug|Any CPU = Debug|Any CPU
		Release|Any CPU = Release|Any CPU
	EndGlobalSection
	GlobalSection(ProjectConfigurationPlatforms) = postSolution
		{D8916188-EE87-423B-A6B5-25E8040358BE}.Debug|Any CPU.ActiveCfg = Debug|Any CPU
		{D8916188-EE87-423B-A6B5-25E8040358BE}.Debug|Any CPU.Build.0 = Debug|Any CPU
		{D8916188-EE87-423B-A6B5-25E8040358BE}.Release|Any CPU.ActiveCfg = Release|Any CPU
		{D8916188-EE87-423B-A6B5-25E8040358BE}.Release|Any CPU.Build.0 = Release|Any CPU
	EndGlobalSection
	GlobalSection(SolutionProperties) = preSolution
		HideSolutionNode = FALSE
	EndGlobalSection
	GlobalSection(ExtensibilityGlobals) = postSolution
		SolutionGuid = {217ABFDE-AB04-4DF4-AE12-4D4DE7F09DF8}
	EndGlobalSection
EndGlobal
