
Microsoft Visual Studio Solution File, Format Version 12.00
# Visual Studio 15
VisualStudioVersion = 15.0.27703.2035
MinimumVisualStudioVersion = 10.0.40219.1
Project("{FAE04EC0-301F-11D3-BF4B-00C04F79EFBC}") = "CarInsuranceApp", "CarInsuranceApp\CarInsuranceApp.csproj", "{2E66C572-64A6-4B42-9C00-1D4F1ACCD263}"
EndProject
Global
	GlobalSection(SolutionConfigurationPlatforms) = preSolution
		Debug|Any CPU = Debug|Any CPU
		Release|Any CPU = Release|Any CPU
	EndGlobalSection
	GlobalSection(ProjectConfigurationPlatforms) = postSolution
		{2E66C572-64A6-4B42-9C00-1D4F1ACCD263}.Debug|Any CPU.ActiveCfg = Debug|Any CPU
		{2E66C572-64A6-4B42-9C00-1D4F1ACCD263}.Debug|Any CPU.Build.0 = Debug|Any CPU
		{2E66C572-64A6-4B42-9C00-1D4F1ACCD263}.Release|Any CPU.ActiveCfg = Release|Any CPU
		{2E66C572-64A6-4B42-9C00-1D4F1ACCD263}.Release|Any CPU.Build.0 = Release|Any CPU
	EndGlobalSection
	GlobalSection(SolutionProperties) = preSolution
		HideSolutionNode = FALSE
	EndGlobalSection
	GlobalSection(ExtensibilityGlobals) = postSolution
		SolutionGuid = {8BDB448A-02F6-4CA4-A7DE-EC593586E4BE}
	EndGlobalSection
EndGlobal
