
Microsoft Visual Studio Solution File, Format Version 12.00
# Visual Studio 15
VisualStudioVersion = 15.0.27703.2035
MinimumVisualStudioVersion = 10.0.40219.1
Project("{FAE04EC0-301F-11D3-BF4B-00C04F79EFBC}") = "Income Comparison", "Income Comparison\Income Comparison.csproj", "{2C612736-473A-41BC-B467-1ADE267E6986}"
EndProject
Global
	GlobalSection(SolutionConfigurationPlatforms) = preSolution
		Debug|Any CPU = Debug|Any CPU
		Release|Any CPU = Release|Any CPU
	EndGlobalSection
	GlobalSection(ProjectConfigurationPlatforms) = postSolution
		{2C612736-473A-41BC-B467-1ADE267E6986}.Debug|Any CPU.ActiveCfg = Debug|Any CPU
		{2C612736-473A-41BC-B467-1ADE267E6986}.Debug|Any CPU.Build.0 = Debug|Any CPU
		{2C612736-473A-41BC-B467-1ADE267E6986}.Release|Any CPU.ActiveCfg = Release|Any CPU
		{2C612736-473A-41BC-B467-1ADE267E6986}.Release|Any CPU.Build.0 = Release|Any CPU
	EndGlobalSection
	GlobalSection(SolutionProperties) = preSolution
		HideSolutionNode = FALSE
	EndGlobalSection
	GlobalSection(ExtensibilityGlobals) = postSolution
		SolutionGuid = {02F78E16-967B-4ADB-B234-D2861E270C71}
	EndGlobalSection
EndGlobal
