
Microsoft Visual Studio Solution File, Format Version 12.00
# Visual Studio 15
VisualStudioVersion = 15.0.27703.2035
MinimumVisualStudioVersion = 10.0.40219.1
Project("{FAE04EC0-301F-11D3-BF4B-00C04F79EFBC}") = "Features", "Features\Features.csproj", "{A2384C23-A71A-4B05-A786-69DB6385F7E4}"
EndProject
Global
	GlobalSection(SolutionConfigurationPlatforms) = preSolution
		Debug|Any CPU = Debug|Any CPU
		Release|Any CPU = Release|Any CPU
	EndGlobalSection
	GlobalSection(ProjectConfigurationPlatforms) = postSolution
		{A2384C23-A71A-4B05-A786-69DB6385F7E4}.Debug|Any CPU.ActiveCfg = Debug|Any CPU
		{A2384C23-A71A-4B05-A786-69DB6385F7E4}.Debug|Any CPU.Build.0 = Debug|Any CPU
		{A2384C23-A71A-4B05-A786-69DB6385F7E4}.Release|Any CPU.ActiveCfg = Release|Any CPU
		{A2384C23-A71A-4B05-A786-69DB6385F7E4}.Release|Any CPU.Build.0 = Release|Any CPU
	EndGlobalSection
	GlobalSection(SolutionProperties) = preSolution
		HideSolutionNode = FALSE
	EndGlobalSection
	GlobalSection(ExtensibilityGlobals) = postSolution
		SolutionGuid = {BD5AE62C-527C-4940-BD45-17D964370446}
	EndGlobalSection
EndGlobal
